Microsoft Visual Studio Solution File, Format Version 12.00
# Visual Studio Version 16
VisualStudioVersion = 16.0.28922.388
MinimumVisualStudioVersion = 10.0.40219.1
Project("{2150E333-8FDC-42A3-9474-1A3956D46DE8}") = "Components", "Components", "{3C4A6BBD-0C02-4E1D-9CAD-8E030C8F6560}"
EndProject
Project("{2150E333-8FDC-42A3-9474-1A3956D46DE8}") = "Settings", "Settings", "{F4A2F193-4F08-40A0-8B9D-4416DA8D46E0}"
EndProject
Project("{9A19103F-16F7-4668-BE54-9A1E7A4F7556}") = "HL", "HL\HL.csproj", "{4166AEB8-93A1-4E2F-9316-09052BA888A1}"
EndProject
Project("{9A19103F-16F7-4668-BE54-9A1E7A4F7556}") = "TextEditLib", "TextEditLib\TextEditLib.csproj", "{05696552-38A2-42F2-A13A-6447CF0EF32F}"
EndProject
Project("{9A19103F-16F7-4668-BE54-9A1E7A4F7556}") = "ServiceLocator", "Components\ServiceLocator\ServiceLocator.csproj", "{F3C5A8D0-3AAC-4E94-969C-1533B9EC3FED}"
EndProject
Project("{9A19103F-16F7-4668-BE54-9A1E7A4F7556}") = "SettingsModel", "Components\Settings\SettingsModel\SettingsModel.csproj", "{F8BC2AF0-E47F-4A3A-889D-AF36246333F9}"
EndProject
Project("{9A19103F-16F7-4668-BE54-9A1E7A4F7556}") = "Settings", "Components\Settings\Settings\Settings.csproj", "{6F232ABA-D4B0-4A2D-8A4E-FD004A45DB09}"
EndProject
Project("{9A19103F-16F7-4668-BE54-9A1E7A4F7556}") = "ThemedDemo", "ThemedDemo\ThemedDemo.csproj", "{90BD878E-96BF-4971-B6C5-1454AF12B433}"
EndProject
Global
	GlobalSection(SolutionConfigurationPlatforms) = preSolution
		Debug|Any CPU = Debug|Any CPU
		Debug|x64 = Debug|x64
		Debug|x86 = Debug|x86
		Release|Any CPU = Release|Any CPU
		Release|x64 = Release|x64
		Release|x86 = Release|x86
	EndGlobalSection
	GlobalSection(ProjectConfigurationPlatforms) = postSolution
		{4166AEB8-93A1-4E2F-9316-09052BA888A1}.Debug|Any CPU.ActiveCfg = Debug|Any CPU
		{4166AEB8-93A1-4E2F-9316-09052BA888A1}.Debug|Any CPU.Build.0 = Debug|Any CPU
		{4166AEB8-93A1-4E2F-9316-09052BA888A1}.Debug|x64.ActiveCfg = Debug|Any CPU
		{4166AEB8-93A1-4E2F-9316-09052BA888A1}.Debug|x64.Build.0 = Debug|Any CPU
		{4166AEB8-93A1-4E2F-9316-09052BA888A1}.Debug|x86.ActiveCfg = Debug|Any CPU
		{4166AEB8-93A1-4E2F-9316-09052BA888A1}.Debug|x86.Build.0 = Debug|Any CPU
		{4166AEB8-93A1-4E2F-9316-09052BA888A1}.Release|Any CPU.ActiveCfg = Release|Any CPU
		{4166AEB8-93A1-4E2F-9316-09052BA888A1}.Release|Any CPU.Build.0 = Release|Any CPU
		{4166AEB8-93A1-4E2F-9316-09052BA888A1}.Release|x64.ActiveCfg = Release|Any CPU
		{4166AEB8-93A1-4E2F-9316-09052BA888A1}.Release|x64.Build.0 = Release|Any CPU
		{4166AEB8-93A1-4E2F-9316-09052BA888A1}.Release|x86.ActiveCfg = Release|Any CPU
		{4166AEB8-93A1-4E2F-9316-09052BA888A1}.Release|x86.Build.0 = Release|Any CPU
		{05696552-38A2-42F2-A13A-6447CF0EF32F}.Debug|Any CPU.ActiveCfg = Debug|Any CPU
		{05696552-38A2-42F2-A13A-6447CF0EF32F}.Debug|Any CPU.Build.0 = Debug|Any CPU
		{05696552-38A2-42F2-A13A-6447CF0EF32F}.Debug|x64.ActiveCfg = Debug|Any CPU
		{05696552-38A2-42F2-A13A-6447CF0EF32F}.Debug|x64.Build.0 = Debug|Any CPU
		{05696552-38A2-42F2-A13A-6447CF0EF32F}.Debug|x86.ActiveCfg = Debug|Any CPU
		{05696552-38A2-42F2-A13A-6447CF0EF32F}.Debug|x86.Build.0 = Debug|Any CPU
		{05696552-38A2-42F2-A13A-6447CF0EF32F}.Release|Any CPU.ActiveCfg = Release|Any CPU
		{05696552-38A2-42F2-A13A-6447CF0EF32F}.Release|Any CPU.Build.0 = Release|Any CPU
		{05696552-38A2-42F2-A13A-6447CF0EF32F}.Release|x64.ActiveCfg = Release|Any CPU
		{05696552-38A2-42F2-A13A-6447CF0EF32F}.Release|x64.Build.0 = Release|Any CPU
		{05696552-38A2-42F2-A13A-6447CF0EF32F}.Release|x86.ActiveCfg = Release|Any CPU
		{05696552-38A2-42F2-A13A-6447CF0EF32F}.Release|x86.Build.0 = Release|Any CPU
		{F3C5A8D0-3AAC-4E94-969C-1533B9EC3FED}.Debug|Any CPU.ActiveCfg = Debug|Any CPU
		{F3C5A8D0-3AAC-4E94-969C-1533B9EC3FED}.Debug|Any CPU.Build.0 = Debug|Any CPU
		{F3C5A8D0-3AAC-4E94-969C-1533B9EC3FED}.Debug|x64.ActiveCfg = Debug|Any CPU
		{F3C5A8D0-3AAC-4E94-969C-1533B9EC3FED}.Debug|x64.Build.0 = Debug|Any CPU
		{F3C5A8D0-3AAC-4E94-969C-1533B9EC3FED}.Debug|x86.ActiveCfg = Debug|Any CPU
		{F3C5A8D0-3AAC-4E94-969C-1533B9EC3FED}.Debug|x86.Build.0 = Debug|Any CPU
		{F3C5A8D0-3AAC-4E94-969C-1533B9EC3FED}.Release|Any CPU.ActiveCfg = Release|Any CPU
		{F3C5A8D0-3AAC-4E94-969C-1533B9EC3FED}.Release|Any CPU.Build.0 = Release|Any CPU
		{F3C5A8D0-3AAC-4E94-969C-1533B9EC3FED}.Release|x64.ActiveCfg = Release|Any CPU
		{F3C5A8D0-3AAC-4E94-969C-1533B9EC3FED}.Release|x64.Build.0 = Release|Any CPU
		{F3C5A8D0-3AAC-4E94-969C-1533B9EC3FED}.Release|x86.ActiveCfg = Release|Any CPU
		{F3C5A8D0-3AAC-4E94-969C-1533B9EC3FED}.Release|x86.Build.0 = Release|Any CPU
		{F8BC2AF0-E47F-4A3A-889D-AF36246333F9}.Debug|Any CPU.ActiveCfg = Debug|Any CPU
		{F8BC2AF0-E47F-4A3A-889D-AF36246333F9}.Debug|Any CPU.Build.0 = Debug|Any CPU
		{F8BC2AF0-E47F-4A3A-889D-AF36246333F9}.Debug|x64.ActiveCfg = Debug|Any CPU
		{F8BC2AF0-E47F-4A3A-889D-AF36246333F9}.Debug|x64.Build.0 = Debug|Any CPU
		{F8BC2AF0-E47F-4A3A-889D-AF36246333F9}.Debug|x86.ActiveCfg = Debug|Any CPU
		{F8BC2AF0-E47F-4A3A-889D-AF36246333F9}.Debug|x86.Build.0 = Debug|Any CPU
		{F8BC2AF0-E47F-4A3A-889D-AF36246333F9}.Release|Any CPU.ActiveCfg = Release|Any CPU
		{F8BC2AF0-E47F-4A3A-889D-AF36246333F9}.Release|Any CPU.Build.0 = Release|Any CPU
		{F8BC2AF0-E47F-4A3A-889D-AF36246333F9}.Release|x64.ActiveCfg = Release|Any CPU
		{F8BC2AF0-E47F-4A3A-889D-AF36246333F9}.Release|x64.Build.0 = Release|Any CPU
		{F8BC2AF0-E47F-4A3A-889D-AF36246333F9}.Release|x86.ActiveCfg = Release|Any CPU
		{F8BC2AF0-E47F-4A3A-889D-AF36246333F9}.Release|x86.Build.0 = Release|Any CPU
		{6F232ABA-D4B0-4A2D-8A4E-FD004A45DB09}.Debug|Any CPU.ActiveCfg = Debug|Any CPU
		{6F232ABA-D4B0-4A2D-8A4E-FD004A45DB09}.Debug|Any CPU.Build.0 = Debug|Any CPU
		{6F232ABA-D4B0-4A2D-8A4E-FD004A45DB09}.Debug|x64.ActiveCfg = Debug|Any CPU
		{6F232ABA-D4B0-4A2D-8A4E-FD004A45DB09}.Debug|x64.Build.0 = Debug|Any CPU
		{6F232ABA-D4B0-4A2D-8A4E-FD004A45DB09}.Debug|x86.ActiveCfg = Debug|Any CPU
		{6F232ABA-D4B0-4A2D-8A4E-FD004A45DB09}.Debug|x86.Build.0 = Debug|Any CPU
		{6F232ABA-D4B0-4A2D-8A4E-FD004A45DB09}.Release|Any CPU.ActiveCfg = Release|Any CPU
		{6F232ABA-D4B0-4A2D-8A4E-FD004A45DB09}.Release|Any CPU.Build.0 = Release|Any CPU
		{6F232ABA-D4B0-4A2D-8A4E-FD004A45DB09}.Release|x64.ActiveCfg = Release|Any CPU
		{6F232ABA-D4B0-4A2D-8A4E-FD004A45DB09}.Release|x64.Build.0 = Release|Any CPU
		{6F232ABA-D4B0-4A2D-8A4E-FD004A45DB09}.Release|x86.ActiveCfg = Release|Any CPU
		{6F232ABA-D4B0-4A2D-8A4E-FD004A45DB09}.Release|x86.Build.0 = Release|Any CPU
		{90BD878E-96BF-4971-B6C5-1454AF12B433}.Debug|Any CPU.ActiveCfg = Debug|Any CPU
		{90BD878E-96BF-4971-B6C5-1454AF12B433}.Debug|Any CPU.Build.0 = Debug|Any CPU
		{90BD878E-96BF-4971-B6C5-1454AF12B433}.Debug|x64.ActiveCfg = Debug|Any CPU
		{90BD878E-96BF-4971-B6C5-1454AF12B433}.Debug|x64.Build.0 = Debug|Any CPU
		{90BD878E-96BF-4971-B6C5-1454AF12B433}.Debug|x86.ActiveCfg = Debug|Any CPU
		{90BD878E-96BF-4971-B6C5-1454AF12B433}.Debug|x86.Build.0 = Debug|Any CPU
		{90BD878E-96BF-4971-B6C5-1454AF12B433}.Release|Any CPU.ActiveCfg = Release|Any CPU
		{90BD878E-96BF-4971-B6C5-1454AF12B433}.Release|Any CPU.Build.0 = Release|Any CPU
		{90BD878E-96BF-4971-B6C5-1454AF12B433}.Release|x64.ActiveCfg = Release|Any CPU
		{90BD878E-96BF-4971-B6C5-1454AF12B433}.Release|x64.Build.0 = Release|Any CPU
		{90BD878E-96BF-4971-B6C5-1454AF12B433}.Release|x86.ActiveCfg = Release|Any CPU
		{90BD878E-96BF-4971-B6C5-1454AF12B433}.Release|x86.Build.0 = Release|Any CPU
	EndGlobalSection
	GlobalSection(SolutionProperties) = preSolution
		HideSolutionNode = FALSE
	EndGlobalSection
	GlobalSection(NestedProjects) = preSolution
		{F4A2F193-4F08-40A0-8B9D-4416DA8D46E0} = {3C4A6BBD-0C02-4E1D-9CAD-8E030C8F6560}
		{F3C5A8D0-3AAC-4E94-969C-1533B9EC3FED} = {3C4A6BBD-0C02-4E1D-9CAD-8E030C8F6560}
		{F8BC2AF0-E47F-4A3A-889D-AF36246333F9} = {F4A2F193-4F08-40A0-8B9D-4416DA8D46E0}
		{6F232ABA-D4B0-4A2D-8A4E-FD004A45DB09} = {F4A2F193-4F08-40A0-8B9D-4416DA8D46E0}
	EndGlobalSection
	GlobalSection(ExtensibilityGlobals) = postSolution
		SolutionGuid = {144C3921-07C6-4389-88FC-D4B3A44AA733}
	EndGlobalSection
EndGlobal
