Microsoft Visual Studio Solution File, Format Version 12.00
# Visual Studio Version 16
VisualStudioVersion = 16.0.28922.388
MinimumVisualStudioVersion = 10.0.40219.1
Project("{FAE04EC0-301F-11D3-BF4B-00C04F79EFBC}") = "ThemedDemo", "Apps\ThemedDemo\ThemedDemo.csproj", "{58BD0E02-6BFF-43F0-9B93-D3371E97794B}"
EndProject
Project("{FAE04EC0-301F-11D3-BF4B-00C04F79EFBC}") = "ServiceLocator", "Components\ServiceLocator\ServiceLocator.csproj", "{252126D1-E1D9-49C3-910B-FCF2266265EF}"
EndProject
Project("{2150E333-8FDC-42A3-9474-1A3956D46DE8}") = "Components", "Components", "{3C4A6BBD-0C02-4E1D-9CAD-8E030C8F6560}"
EndProject
Project("{2150E333-8FDC-42A3-9474-1A3956D46DE8}") = "Settings", "Settings", "{F4A2F193-4F08-40A0-8B9D-4416DA8D46E0}"
EndProject
Project("{FAE04EC0-301F-11D3-BF4B-00C04F79EFBC}") = "Settings", "Components\Settings\Settings\Settings.csproj", "{2807B493-CC2E-402E-901A-EB138698FEDC}"
EndProject
Project("{FAE04EC0-301F-11D3-BF4B-00C04F79EFBC}") = "SettingsModel", "Components\Settings\SettingsModel\SettingsModel.csproj", "{9B0BA841-5A2F-4ED3-A908-253DBCA70E77}"
EndProject
Project("{2150E333-8FDC-42A3-9474-1A3956D46DE8}") = "Apps", "Apps", "{09B8A3FE-A325-481A-BB1D-98682DBDBB90}"
EndProject
Project("{FAE04EC0-301F-11D3-BF4B-00C04F79EFBC}") = "HL", "Apps\HL\HL.csproj", "{8B8FA49B-8C9C-497A-A327-A658F454D9A4}"
EndProject
Project("{FAE04EC0-301F-11D3-BF4B-00C04F79EFBC}") = "TextEditLib", "TextEditLib\TextEditLib.csproj", "{E456DA2F-4091-4BFC-8EFE-F27774383D2D}"
EndProject
Global
	GlobalSection(SolutionConfigurationPlatforms) = preSolution
		Debug|Any CPU = Debug|Any CPU
		Debug|x64 = Debug|x64
		Debug|x86 = Debug|x86
		Release|Any CPU = Release|Any CPU
		Release|x64 = Release|x64
		Release|x86 = Release|x86
	EndGlobalSection
	GlobalSection(ProjectConfigurationPlatforms) = postSolution
		{58BD0E02-6BFF-43F0-9B93-D3371E97794B}.Debug|Any CPU.ActiveCfg = Debug|Any CPU
		{58BD0E02-6BFF-43F0-9B93-D3371E97794B}.Debug|Any CPU.Build.0 = Debug|Any CPU
		{58BD0E02-6BFF-43F0-9B93-D3371E97794B}.Debug|x64.ActiveCfg = Debug|Any CPU
		{58BD0E02-6BFF-43F0-9B93-D3371E97794B}.Debug|x64.Build.0 = Debug|Any CPU
		{58BD0E02-6BFF-43F0-9B93-D3371E97794B}.Debug|x86.ActiveCfg = Debug|Any CPU
		{58BD0E02-6BFF-43F0-9B93-D3371E97794B}.Debug|x86.Build.0 = Debug|Any CPU
		{58BD0E02-6BFF-43F0-9B93-D3371E97794B}.Release|Any CPU.ActiveCfg = Release|Any CPU
		{58BD0E02-6BFF-43F0-9B93-D3371E97794B}.Release|Any CPU.Build.0 = Release|Any CPU
		{58BD0E02-6BFF-43F0-9B93-D3371E97794B}.Release|x64.ActiveCfg = Release|Any CPU
		{58BD0E02-6BFF-43F0-9B93-D3371E97794B}.Release|x64.Build.0 = Release|Any CPU
		{58BD0E02-6BFF-43F0-9B93-D3371E97794B}.Release|x86.ActiveCfg = Release|Any CPU
		{58BD0E02-6BFF-43F0-9B93-D3371E97794B}.Release|x86.Build.0 = Release|Any CPU
		{252126D1-E1D9-49C3-910B-FCF2266265EF}.Debug|Any CPU.ActiveCfg = Debug|Any CPU
		{252126D1-E1D9-49C3-910B-FCF2266265EF}.Debug|Any CPU.Build.0 = Debug|Any CPU
		{252126D1-E1D9-49C3-910B-FCF2266265EF}.Debug|x64.ActiveCfg = Debug|x64
		{252126D1-E1D9-49C3-910B-FCF2266265EF}.Debug|x64.Build.0 = Debug|x64
		{252126D1-E1D9-49C3-910B-FCF2266265EF}.Debug|x86.ActiveCfg = Debug|x86
		{252126D1-E1D9-49C3-910B-FCF2266265EF}.Debug|x86.Build.0 = Debug|x86
		{252126D1-E1D9-49C3-910B-FCF2266265EF}.Release|Any CPU.ActiveCfg = Release|Any CPU
		{252126D1-E1D9-49C3-910B-FCF2266265EF}.Release|Any CPU.Build.0 = Release|Any CPU
		{252126D1-E1D9-49C3-910B-FCF2266265EF}.Release|x64.ActiveCfg = Release|x64
		{252126D1-E1D9-49C3-910B-FCF2266265EF}.Release|x64.Build.0 = Release|x64
		{252126D1-E1D9-49C3-910B-FCF2266265EF}.Release|x86.ActiveCfg = Release|x86
		{252126D1-E1D9-49C3-910B-FCF2266265EF}.Release|x86.Build.0 = Release|x86
		{2807B493-CC2E-402E-901A-EB138698FEDC}.Debug|Any CPU.ActiveCfg = Debug|Any CPU
		{2807B493-CC2E-402E-901A-EB138698FEDC}.Debug|Any CPU.Build.0 = Debug|Any CPU
		{2807B493-CC2E-402E-901A-EB138698FEDC}.Debug|x64.ActiveCfg = Debug|x64
		{2807B493-CC2E-402E-901A-EB138698FEDC}.Debug|x64.Build.0 = Debug|x64
		{2807B493-CC2E-402E-901A-EB138698FEDC}.Debug|x86.ActiveCfg = Debug|x86
		{2807B493-CC2E-402E-901A-EB138698FEDC}.Debug|x86.Build.0 = Debug|x86
		{2807B493-CC2E-402E-901A-EB138698FEDC}.Release|Any CPU.ActiveCfg = Release|Any CPU
		{2807B493-CC2E-402E-901A-EB138698FEDC}.Release|Any CPU.Build.0 = Release|Any CPU
		{2807B493-CC2E-402E-901A-EB138698FEDC}.Release|x64.ActiveCfg = Release|x64
		{2807B493-CC2E-402E-901A-EB138698FEDC}.Release|x64.Build.0 = Release|x64
		{2807B493-CC2E-402E-901A-EB138698FEDC}.Release|x86.ActiveCfg = Release|x86
		{2807B493-CC2E-402E-901A-EB138698FEDC}.Release|x86.Build.0 = Release|x86
		{9B0BA841-5A2F-4ED3-A908-253DBCA70E77}.Debug|Any CPU.ActiveCfg = Debug|Any CPU
		{9B0BA841-5A2F-4ED3-A908-253DBCA70E77}.Debug|Any CPU.Build.0 = Debug|Any CPU
		{9B0BA841-5A2F-4ED3-A908-253DBCA70E77}.Debug|x64.ActiveCfg = Debug|x64
		{9B0BA841-5A2F-4ED3-A908-253DBCA70E77}.Debug|x64.Build.0 = Debug|x64
		{9B0BA841-5A2F-4ED3-A908-253DBCA70E77}.Debug|x86.ActiveCfg = Debug|x86
		{9B0BA841-5A2F-4ED3-A908-253DBCA70E77}.Debug|x86.Build.0 = Debug|x86
		{9B0BA841-5A2F-4ED3-A908-253DBCA70E77}.Release|Any CPU.ActiveCfg = Release|Any CPU
		{9B0BA841-5A2F-4ED3-A908-253DBCA70E77}.Release|Any CPU.Build.0 = Release|Any CPU
		{9B0BA841-5A2F-4ED3-A908-253DBCA70E77}.Release|x64.ActiveCfg = Release|x64
		{9B0BA841-5A2F-4ED3-A908-253DBCA70E77}.Release|x64.Build.0 = Release|x64
		{9B0BA841-5A2F-4ED3-A908-253DBCA70E77}.Release|x86.ActiveCfg = Release|x86
		{9B0BA841-5A2F-4ED3-A908-253DBCA70E77}.Release|x86.Build.0 = Release|x86
		{8B8FA49B-8C9C-497A-A327-A658F454D9A4}.Debug|Any CPU.ActiveCfg = Debug|Any CPU
		{8B8FA49B-8C9C-497A-A327-A658F454D9A4}.Debug|Any CPU.Build.0 = Debug|Any CPU
		{8B8FA49B-8C9C-497A-A327-A658F454D9A4}.Debug|x64.ActiveCfg = Debug|Any CPU
		{8B8FA49B-8C9C-497A-A327-A658F454D9A4}.Debug|x64.Build.0 = Debug|Any CPU
		{8B8FA49B-8C9C-497A-A327-A658F454D9A4}.Debug|x86.ActiveCfg = Debug|Any CPU
		{8B8FA49B-8C9C-497A-A327-A658F454D9A4}.Debug|x86.Build.0 = Debug|Any CPU
		{8B8FA49B-8C9C-497A-A327-A658F454D9A4}.Release|Any CPU.ActiveCfg = Release|Any CPU
		{8B8FA49B-8C9C-497A-A327-A658F454D9A4}.Release|Any CPU.Build.0 = Release|Any CPU
		{8B8FA49B-8C9C-497A-A327-A658F454D9A4}.Release|x64.ActiveCfg = Release|Any CPU
		{8B8FA49B-8C9C-497A-A327-A658F454D9A4}.Release|x64.Build.0 = Release|Any CPU
		{8B8FA49B-8C9C-497A-A327-A658F454D9A4}.Release|x86.ActiveCfg = Release|Any CPU
		{8B8FA49B-8C9C-497A-A327-A658F454D9A4}.Release|x86.Build.0 = Release|Any CPU
		{E456DA2F-4091-4BFC-8EFE-F27774383D2D}.Debug|Any CPU.ActiveCfg = Debug|Any CPU
		{E456DA2F-4091-4BFC-8EFE-F27774383D2D}.Debug|Any CPU.Build.0 = Debug|Any CPU
		{E456DA2F-4091-4BFC-8EFE-F27774383D2D}.Debug|x64.ActiveCfg = Debug|Any CPU
		{E456DA2F-4091-4BFC-8EFE-F27774383D2D}.Debug|x64.Build.0 = Debug|Any CPU
		{E456DA2F-4091-4BFC-8EFE-F27774383D2D}.Debug|x86.ActiveCfg = Debug|Any CPU
		{E456DA2F-4091-4BFC-8EFE-F27774383D2D}.Debug|x86.Build.0 = Debug|Any CPU
		{E456DA2F-4091-4BFC-8EFE-F27774383D2D}.Release|Any CPU.ActiveCfg = Release|Any CPU
		{E456DA2F-4091-4BFC-8EFE-F27774383D2D}.Release|Any CPU.Build.0 = Release|Any CPU
		{E456DA2F-4091-4BFC-8EFE-F27774383D2D}.Release|x64.ActiveCfg = Release|Any CPU
		{E456DA2F-4091-4BFC-8EFE-F27774383D2D}.Release|x64.Build.0 = Release|Any CPU
		{E456DA2F-4091-4BFC-8EFE-F27774383D2D}.Release|x86.ActiveCfg = Release|Any CPU
		{E456DA2F-4091-4BFC-8EFE-F27774383D2D}.Release|x86.Build.0 = Release|Any CPU
	EndGlobalSection
	GlobalSection(SolutionProperties) = preSolution
		HideSolutionNode = FALSE
	EndGlobalSection
	GlobalSection(NestedProjects) = preSolution
		{58BD0E02-6BFF-43F0-9B93-D3371E97794B} = {09B8A3FE-A325-481A-BB1D-98682DBDBB90}
		{252126D1-E1D9-49C3-910B-FCF2266265EF} = {3C4A6BBD-0C02-4E1D-9CAD-8E030C8F6560}
		{F4A2F193-4F08-40A0-8B9D-4416DA8D46E0} = {3C4A6BBD-0C02-4E1D-9CAD-8E030C8F6560}
		{2807B493-CC2E-402E-901A-EB138698FEDC} = {F4A2F193-4F08-40A0-8B9D-4416DA8D46E0}
		{9B0BA841-5A2F-4ED3-A908-253DBCA70E77} = {F4A2F193-4F08-40A0-8B9D-4416DA8D46E0}
	EndGlobalSection
	GlobalSection(ExtensibilityGlobals) = postSolution
		SolutionGuid = {144C3921-07C6-4389-88FC-D4B3A44AA733}
	EndGlobalSection
EndGlobal
